// !$*UTF8*$!
{
	archiveVersion = 1;
	classes = {
	};
	objectVersion = 50;
	objects = {

/* Begin PBXBuildFile section */
		7699DD0C235077180054A008 /* UITableViewCellExtension.swift in Sources */ = {isa = PBXBuildFile; fileRef = 7699DD0B235077180054A008 /* UITableViewCellExtension.swift */; };
		7699DD0E23510B330054A008 /* DateExtensionTest.swift in Sources */ = {isa = PBXBuildFile; fileRef = 7699DD0D23510B330054A008 /* DateExtensionTest.swift */; };
		7699DD1223564F410054A008 /* StringCollectionTest.swift in Sources */ = {isa = PBXBuildFile; fileRef = 7699DD1123564F410054A008 /* StringCollectionTest.swift */; };
		8D37F9F92337BDAC0075CFC9 /* AppDelegate.swift in Sources */ = {isa = PBXBuildFile; fileRef = 8D37F9F82337BDAC0075CFC9 /* AppDelegate.swift */; };
		8D37F9FB2337BDAC0075CFC9 /* SceneDelegate.swift in Sources */ = {isa = PBXBuildFile; fileRef = 8D37F9FA2337BDAC0075CFC9 /* SceneDelegate.swift */; };
		8D37F9FD2337BDAC0075CFC9 /* ViewController.swift in Sources */ = {isa = PBXBuildFile; fileRef = 8D37F9FC2337BDAC0075CFC9 /* ViewController.swift */; };
		8D37FA002337BDAC0075CFC9 /* Main.storyboard in Resources */ = {isa = PBXBuildFile; fileRef = 8D37F9FE2337BDAC0075CFC9 /* Main.storyboard */; };
		8D37FA022337BDAF0075CFC9 /* Assets.xcassets in Resources */ = {isa = PBXBuildFile; fileRef = 8D37FA012337BDAF0075CFC9 /* Assets.xcassets */; };
		8D37FA052337BDAF0075CFC9 /* LaunchScreen.storyboard in Resources */ = {isa = PBXBuildFile; fileRef = 8D37FA032337BDAF0075CFC9 /* LaunchScreen.storyboard */; };
		8D37FA102337BDAF0075CFC9 /* foundationTests.swift in Sources */ = {isa = PBXBuildFile; fileRef = 8D37FA0F2337BDAF0075CFC9 /* foundationTests.swift */; };
		8D37FA1D2337BF590075CFC9 /* ArrayCollectionTest.swift in Sources */ = {isa = PBXBuildFile; fileRef = 8D37FA1C2337BF590075CFC9 /* ArrayCollectionTest.swift */; };
		8D37FA332337C5340075CFC9 /* StringDateExtension.swift in Sources */ = {isa = PBXBuildFile; fileRef = 8D37FA252337C5340075CFC9 /* StringDateExtension.swift */; };
		8D37FA342337C5340075CFC9 /* StringCollection.swift in Sources */ = {isa = PBXBuildFile; fileRef = 8D37FA262337C5340075CFC9 /* StringCollection.swift */; };
		8D37FA352337C5340075CFC9 /* ArrayCollection.swift in Sources */ = {isa = PBXBuildFile; fileRef = 8D37FA272337C5340075CFC9 /* ArrayCollection.swift */; };
		8D37FA362337C5340075CFC9 /* UIViewExtension.swift in Sources */ = {isa = PBXBuildFile; fileRef = 8D37FA282337C5340075CFC9 /* UIViewExtension.swift */; };
		8D37FA372337C5340075CFC9 /* ColorExtension.swift in Sources */ = {isa = PBXBuildFile; fileRef = 8D37FA292337C5340075CFC9 /* ColorExtension.swift */; };
		8D37FA392337C5340075CFC9 /* UIActivityIndicatorExtension.swift in Sources */ = {isa = PBXBuildFile; fileRef = 8D37FA2B2337C5340075CFC9 /* UIActivityIndicatorExtension.swift */; };
		8D37FA3A2337C5340075CFC9 /* CodableExtension.swift in Sources */ = {isa = PBXBuildFile; fileRef = 8D37FA2C2337C5340075CFC9 /* CodableExtension.swift */; };
		8D37FA3B2337C5340075CFC9 /* UIImageExtension.swift in Sources */ = {isa = PBXBuildFile; fileRef = 8D37FA2D2337C5340075CFC9 /* UIImageExtension.swift */; };
		8D37FA3C2337C5340075CFC9 /* DateExtension.swift in Sources */ = {isa = PBXBuildFile; fileRef = 8D37FA2E2337C5340075CFC9 /* DateExtension.swift */; };
		8D37FA3D2337C5340075CFC9 /* Network.swift in Sources */ = {isa = PBXBuildFile; fileRef = 8D37FA302337C5340075CFC9 /* Network.swift */; };
		8D37FA3E2337C5340075CFC9 /* Cache.swift in Sources */ = {isa = PBXBuildFile; fileRef = 8D37FA312337C5340075CFC9 /* Cache.swift */; };
		8D37FA3F2337C5340075CFC9 /* Scheduler.swift in Sources */ = {isa = PBXBuildFile; fileRef = 8D37FA322337C5340075CFC9 /* Scheduler.swift */; };
		8D3C289D2451E9A60003F235 /* StringSubscripts.swift in Sources */ = {isa = PBXBuildFile; fileRef = 8D3C289C2451E9A60003F235 /* StringSubscripts.swift */; };
		8D58B8772350DF9D00FAA673 /* DictionaryCollection.swift in Sources */ = {isa = PBXBuildFile; fileRef = 8D58B8762350DF9D00FAA673 /* DictionaryCollection.swift */; };
		8DAD81DE234F6DB2003A6025 /* GeneralHelpers.swift in Sources */ = {isa = PBXBuildFile; fileRef = 8DAD81DD234F6DB2003A6025 /* GeneralHelpers.swift */; };
		8DAD81E0234F6E35003A6025 /* Sound.swift in Sources */ = {isa = PBXBuildFile; fileRef = 8DAD81DF234F6E35003A6025 /* Sound.swift */; };
		8DC91D7D23635CA800FFCF79 /* Container.swift in Sources */ = {isa = PBXBuildFile; fileRef = 8DC91D7C23635CA800FFCF79 /* Container.swift */; };
		8DC91D7F23635CB900FFCF79 /* ContainerTest.swift in Sources */ = {isa = PBXBuildFile; fileRef = 8DC91D7E23635CB900FFCF79 /* ContainerTest.swift */; };
		8DCA90262385892000CF8984 /* DoubleExtension.swift in Sources */ = {isa = PBXBuildFile; fileRef = 8DCA90252385892000CF8984 /* DoubleExtension.swift */; };
		BB0D4A802579352500F8DCA6 /* ArraySortExtension.swift in Sources */ = {isa = PBXBuildFile; fileRef = BB0D4A7F2579352500F8DCA6 /* ArraySortExtension.swift */; };
		BB13AE1525515BCE000D30E3 /* DataExtension.swift in Sources */ = {isa = PBXBuildFile; fileRef = BB13AE1425515BCE000D30E3 /* DataExtension.swift */; };
		BB4E9E69259B468100C847C3 /* DictionaryTest.swift in Sources */ = {isa = PBXBuildFile; fileRef = BB4E9E68259B468100C847C3 /* DictionaryTest.swift */; };
		BB6E64A02502575E00DFE518 /* CharacterSetExtension.swift in Sources */ = {isa = PBXBuildFile; fileRef = BB6E649F2502575E00DFE518 /* CharacterSetExtension.swift */; };
		BB7EFD342412687600439821 /* StringCryptoExtension.swif.swift in Sources */ = {isa = PBXBuildFile; fileRef = BB7EFD332412687600439821 /* StringCryptoExtension.swif.swift */; };
		BBAFBFE423EC2343000F8C68 /* PageViewController.swift in Sources */ = {isa = PBXBuildFile; fileRef = BBAFBFE323EC2343000F8C68 /* PageViewController.swift */; };
		BBAFBFF423F41D07000F8C68 /* DateTimeExtension.swift in Sources */ = {isa = PBXBuildFile; fileRef = BBAFBFF323F41D07000F8C68 /* DateTimeExtension.swift */; };
		BBAFBFF623F41F98000F8C68 /* DateIntervalTest.swift in Sources */ = {isa = PBXBuildFile; fileRef = BBAFBFF523F41F98000F8C68 /* DateIntervalTest.swift */; };
		BBC4E0B625714C230081F825 /* CodablePropertyWrappers.swift in Sources */ = {isa = PBXBuildFile; fileRef = BBC4E0B525714C230081F825 /* CodablePropertyWrappers.swift */; };
		BBC4E0BC25714C4A0081F825 /* PropertyWrappersTest.swift in Sources */ = {isa = PBXBuildFile; fileRef = BBC4E0BB25714C4A0081F825 /* PropertyWrappersTest.swift */; };
/* End PBXBuildFile section */

/* Begin PBXContainerItemProxy section */
		8D37FA0C2337BDAF0075CFC9 /* PBXContainerItemProxy */ = {
			isa = PBXContainerItemProxy;
			containerPortal = 8D37F9ED2337BDAC0075CFC9 /* Project object */;
			proxyType = 1;
			remoteGlobalIDString = 8D37F9F42337BDAC0075CFC9;
			remoteInfo = foundation;
		};
/* End PBXContainerItemProxy section */

/* Begin PBXFileReference section */
		7699DD0B235077180054A008 /* UITableViewCellExtension.swift */ = {isa = PBXFileReference; lastKnownFileType = sourcecode.swift; path = UITableViewCellExtension.swift; sourceTree = "<group>"; };
		7699DD0D23510B330054A008 /* DateExtensionTest.swift */ = {isa = PBXFileReference; lastKnownFileType = sourcecode.swift; path = DateExtensionTest.swift; sourceTree = "<group>"; };
		7699DD1123564F410054A008 /* StringCollectionTest.swift */ = {isa = PBXFileReference; lastKnownFileType = sourcecode.swift; path = StringCollectionTest.swift; sourceTree = "<group>"; };
		8D37F9F52337BDAC0075CFC9 /* RevoFoundation.app */ = {isa = PBXFileReference; explicitFileType = wrapper.application; includeInIndex = 0; path = RevoFoundation.app; sourceTree = BUILT_PRODUCTS_DIR; };
		8D37F9F82337BDAC0075CFC9 /* AppDelegate.swift */ = {isa = PBXFileReference; lastKnownFileType = sourcecode.swift; path = AppDelegate.swift; sourceTree = "<group>"; };
		8D37F9FA2337BDAC0075CFC9 /* SceneDelegate.swift */ = {isa = PBXFileReference; lastKnownFileType = sourcecode.swift; path = SceneDelegate.swift; sourceTree = "<group>"; };
		8D37F9FC2337BDAC0075CFC9 /* ViewController.swift */ = {isa = PBXFileReference; lastKnownFileType = sourcecode.swift; path = ViewController.swift; sourceTree = "<group>"; };
		8D37F9FF2337BDAC0075CFC9 /* Base */ = {isa = PBXFileReference; lastKnownFileType = file.storyboard; name = Base; path = Base.lproj/Main.storyboard; sourceTree = "<group>"; };
		8D37FA012337BDAF0075CFC9 /* Assets.xcassets */ = {isa = PBXFileReference; lastKnownFileType = folder.assetcatalog; path = Assets.xcassets; sourceTree = "<group>"; };
		8D37FA042337BDAF0075CFC9 /* Base */ = {isa = PBXFileReference; lastKnownFileType = file.storyboard; name = Base; path = Base.lproj/LaunchScreen.storyboard; sourceTree = "<group>"; };
		8D37FA062337BDAF0075CFC9 /* Info.plist */ = {isa = PBXFileReference; lastKnownFileType = text.plist.xml; path = Info.plist; sourceTree = "<group>"; };
		8D37FA0B2337BDAF0075CFC9 /* foundationTests.xctest */ = {isa = PBXFileReference; explicitFileType = wrapper.cfbundle; includeInIndex = 0; path = foundationTests.xctest; sourceTree = BUILT_PRODUCTS_DIR; };
		8D37FA0F2337BDAF0075CFC9 /* foundationTests.swift */ = {isa = PBXFileReference; lastKnownFileType = sourcecode.swift; path = foundationTests.swift; sourceTree = "<group>"; };
		8D37FA112337BDAF0075CFC9 /* Info.plist */ = {isa = PBXFileReference; lastKnownFileType = text.plist.xml; path = Info.plist; sourceTree = "<group>"; };
		8D37FA1C2337BF590075CFC9 /* ArrayCollectionTest.swift */ = {isa = PBXFileReference; lastKnownFileType = sourcecode.swift; path = ArrayCollectionTest.swift; sourceTree = "<group>"; };
		8D37FA252337C5340075CFC9 /* StringDateExtension.swift */ = {isa = PBXFileReference; fileEncoding = 4; lastKnownFileType = sourcecode.swift; path = StringDateExtension.swift; sourceTree = "<group>"; };
		8D37FA262337C5340075CFC9 /* StringCollection.swift */ = {isa = PBXFileReference; fileEncoding = 4; lastKnownFileType = sourcecode.swift; path = StringCollection.swift; sourceTree = "<group>"; };
		8D37FA272337C5340075CFC9 /* ArrayCollection.swift */ = {isa = PBXFileReference; fileEncoding = 4; lastKnownFileType = sourcecode.swift; path = ArrayCollection.swift; sourceTree = "<group>"; };
		8D37FA282337C5340075CFC9 /* UIViewExtension.swift */ = {isa = PBXFileReference; fileEncoding = 4; lastKnownFileType = sourcecode.swift; path = UIViewExtension.swift; sourceTree = "<group>"; };
		8D37FA292337C5340075CFC9 /* ColorExtension.swift */ = {isa = PBXFileReference; fileEncoding = 4; lastKnownFileType = sourcecode.swift; path = ColorExtension.swift; sourceTree = "<group>"; };
		8D37FA2B2337C5340075CFC9 /* UIActivityIndicatorExtension.swift */ = {isa = PBXFileReference; fileEncoding = 4; lastKnownFileType = sourcecode.swift; path = UIActivityIndicatorExtension.swift; sourceTree = "<group>"; };
		8D37FA2C2337C5340075CFC9 /* CodableExtension.swift */ = {isa = PBXFileReference; fileEncoding = 4; lastKnownFileType = sourcecode.swift; path = CodableExtension.swift; sourceTree = "<group>"; };
		8D37FA2D2337C5340075CFC9 /* UIImageExtension.swift */ = {isa = PBXFileReference; fileEncoding = 4; lastKnownFileType = sourcecode.swift; path = UIImageExtension.swift; sourceTree = "<group>"; };
		8D37FA2E2337C5340075CFC9 /* DateExtension.swift */ = {isa = PBXFileReference; fileEncoding = 4; lastKnownFileType = sourcecode.swift; path = DateExtension.swift; sourceTree = "<group>"; };
		8D37FA302337C5340075CFC9 /* Network.swift */ = {isa = PBXFileReference; fileEncoding = 4; lastKnownFileType = sourcecode.swift; path = Network.swift; sourceTree = "<group>"; };
		8D37FA312337C5340075CFC9 /* Cache.swift */ = {isa = PBXFileReference; fileEncoding = 4; lastKnownFileType = sourcecode.swift; path = Cache.swift; sourceTree = "<group>"; };
		8D37FA322337C5340075CFC9 /* Scheduler.swift */ = {isa = PBXFileReference; fileEncoding = 4; lastKnownFileType = sourcecode.swift; path = Scheduler.swift; sourceTree = "<group>"; };
		8D3C289C2451E9A60003F235 /* StringSubscripts.swift */ = {isa = PBXFileReference; lastKnownFileType = sourcecode.swift; path = StringSubscripts.swift; sourceTree = "<group>"; };
		8D58B8762350DF9D00FAA673 /* DictionaryCollection.swift */ = {isa = PBXFileReference; lastKnownFileType = sourcecode.swift; path = DictionaryCollection.swift; sourceTree = "<group>"; };
		8DAD81DD234F6DB2003A6025 /* GeneralHelpers.swift */ = {isa = PBXFileReference; lastKnownFileType = sourcecode.swift; path = GeneralHelpers.swift; sourceTree = "<group>"; };
		8DAD81DF234F6E35003A6025 /* Sound.swift */ = {isa = PBXFileReference; lastKnownFileType = sourcecode.swift; path = Sound.swift; sourceTree = "<group>"; };
		8DC91D7C23635CA800FFCF79 /* Container.swift */ = {isa = PBXFileReference; lastKnownFileType = sourcecode.swift; path = Container.swift; sourceTree = "<group>"; };
		8DC91D7E23635CB900FFCF79 /* ContainerTest.swift */ = {isa = PBXFileReference; lastKnownFileType = sourcecode.swift; path = ContainerTest.swift; sourceTree = "<group>"; };
		8DCA90252385892000CF8984 /* DoubleExtension.swift */ = {isa = PBXFileReference; lastKnownFileType = sourcecode.swift; path = DoubleExtension.swift; sourceTree = "<group>"; };
		BB0D4A7F2579352500F8DCA6 /* ArraySortExtension.swift */ = {isa = PBXFileReference; lastKnownFileType = sourcecode.swift; path = ArraySortExtension.swift; sourceTree = "<group>"; };
		BB13AE1425515BCE000D30E3 /* DataExtension.swift */ = {isa = PBXFileReference; lastKnownFileType = sourcecode.swift; path = DataExtension.swift; sourceTree = "<group>"; };
		BB4E9E68259B468100C847C3 /* DictionaryTest.swift */ = {isa = PBXFileReference; lastKnownFileType = sourcecode.swift; path = DictionaryTest.swift; sourceTree = "<group>"; };
		BB6E649F2502575E00DFE518 /* CharacterSetExtension.swift */ = {isa = PBXFileReference; lastKnownFileType = sourcecode.swift; path = CharacterSetExtension.swift; sourceTree = "<group>"; };
		BB7EFD332412687600439821 /* StringCryptoExtension.swif.swift */ = {isa = PBXFileReference; lastKnownFileType = sourcecode.swift; path = StringCryptoExtension.swif.swift; sourceTree = "<group>"; };
		BBAFBFE323EC2343000F8C68 /* PageViewController.swift */ = {isa = PBXFileReference; lastKnownFileType = sourcecode.swift; path = PageViewController.swift; sourceTree = "<group>"; };
		BBAFBFF323F41D07000F8C68 /* DateTimeExtension.swift */ = {isa = PBXFileReference; lastKnownFileType = sourcecode.swift; path = DateTimeExtension.swift; sourceTree = "<group>"; };
		BBAFBFF523F41F98000F8C68 /* DateIntervalTest.swift */ = {isa = PBXFileReference; lastKnownFileType = sourcecode.swift; path = DateIntervalTest.swift; sourceTree = "<group>"; };
		BBC4E0B525714C230081F825 /* CodablePropertyWrappers.swift */ = {isa = PBXFileReference; lastKnownFileType = sourcecode.swift; path = CodablePropertyWrappers.swift; sourceTree = "<group>"; };
		BBC4E0BB25714C4A0081F825 /* PropertyWrappersTest.swift */ = {isa = PBXFileReference; lastKnownFileType = sourcecode.swift; path = PropertyWrappersTest.swift; sourceTree = "<group>"; };
/* End PBXFileReference section */

/* Begin PBXFrameworksBuildPhase section */
		8D37F9F22337BDAC0075CFC9 /* Frameworks */ = {
			isa = PBXFrameworksBuildPhase;
			buildActionMask = 2147483647;
			files = (
			);
			runOnlyForDeploymentPostprocessing = 0;
		};
		8D37FA082337BDAF0075CFC9 /* Frameworks */ = {
			isa = PBXFrameworksBuildPhase;
			buildActionMask = 2147483647;
			files = (
			);
			runOnlyForDeploymentPostprocessing = 0;
		};
/* End PBXFrameworksBuildPhase section */

/* Begin PBXGroup section */
		8D37F9EC2337BDAC0075CFC9 = {
			isa = PBXGroup;
			children = (
				8D37F9F72337BDAC0075CFC9 /* foundation */,
				8D37FA0E2337BDAF0075CFC9 /* foundationTests */,
				8D37F9F62337BDAC0075CFC9 /* Products */,
			);
			sourceTree = "<group>";
		};
		8D37F9F62337BDAC0075CFC9 /* Products */ = {
			isa = PBXGroup;
			children = (
				8D37F9F52337BDAC0075CFC9 /* RevoFoundation.app */,
				8D37FA0B2337BDAF0075CFC9 /* foundationTests.xctest */,
			);
			name = Products;
			sourceTree = "<group>";
		};
		8D37F9F72337BDAC0075CFC9 /* foundation */ = {
			isa = PBXGroup;
			children = (
				8D37FA232337C5340075CFC9 /* src */,
				8D37F9F82337BDAC0075CFC9 /* AppDelegate.swift */,
				8D37F9FA2337BDAC0075CFC9 /* SceneDelegate.swift */,
				8D37F9FC2337BDAC0075CFC9 /* ViewController.swift */,
				8D37F9FE2337BDAC0075CFC9 /* Main.storyboard */,
				8D37FA012337BDAF0075CFC9 /* Assets.xcassets */,
				8D37FA032337BDAF0075CFC9 /* LaunchScreen.storyboard */,
				8D37FA062337BDAF0075CFC9 /* Info.plist */,
			);
			path = foundation;
			sourceTree = "<group>";
		};
		8D37FA0E2337BDAF0075CFC9 /* foundationTests */ = {
			isa = PBXGroup;
			children = (
				8D37FA0F2337BDAF0075CFC9 /* foundationTests.swift */,
				8D37FA112337BDAF0075CFC9 /* Info.plist */,
				8D37FA1C2337BF590075CFC9 /* ArrayCollectionTest.swift */,
				7699DD0D23510B330054A008 /* DateExtensionTest.swift */,
				7699DD1123564F410054A008 /* StringCollectionTest.swift */,
				8DC91D7E23635CB900FFCF79 /* ContainerTest.swift */,
				BBAFBFF523F41F98000F8C68 /* DateIntervalTest.swift */,
				BBC4E0BB25714C4A0081F825 /* PropertyWrappersTest.swift */,
				BB4E9E68259B468100C847C3 /* DictionaryTest.swift */,
			);
			path = foundationTests;
			sourceTree = "<group>";
		};
		8D37FA232337C5340075CFC9 /* src */ = {
			isa = PBXGroup;
			children = (
				BBC4E0B225714C0F0081F825 /* propertyWrappers */,
				BBAFBFE223EC2317000F8C68 /* controllers */,
				8D37FA242337C5340075CFC9 /* extensions */,
				8D37FA2F2337C5340075CFC9 /* services */,
				8DAD81DD234F6DB2003A6025 /* GeneralHelpers.swift */,
			);
			path = src;
			sourceTree = "<group>";
		};
		8D37FA242337C5340075CFC9 /* extensions */ = {
			isa = PBXGroup;
			children = (
				8D37FA252337C5340075CFC9 /* StringDateExtension.swift */,
				8D37FA262337C5340075CFC9 /* StringCollection.swift */,
				8D37FA272337C5340075CFC9 /* ArrayCollection.swift */,
				8D37FA282337C5340075CFC9 /* UIViewExtension.swift */,
				8D37FA292337C5340075CFC9 /* ColorExtension.swift */,
				8D37FA2B2337C5340075CFC9 /* UIActivityIndicatorExtension.swift */,
				8D37FA2C2337C5340075CFC9 /* CodableExtension.swift */,
				8D37FA2D2337C5340075CFC9 /* UIImageExtension.swift */,
				8D37FA2E2337C5340075CFC9 /* DateExtension.swift */,
				7699DD0B235077180054A008 /* UITableViewCellExtension.swift */,
				8D58B8762350DF9D00FAA673 /* DictionaryCollection.swift */,
				8DCA90252385892000CF8984 /* DoubleExtension.swift */,
				BBAFBFF323F41D07000F8C68 /* DateTimeExtension.swift */,
				BB7EFD332412687600439821 /* StringCryptoExtension.swif.swift */,
				8D3C289C2451E9A60003F235 /* StringSubscripts.swift */,
				BB6E649F2502575E00DFE518 /* CharacterSetExtension.swift */,
				BB13AE1425515BCE000D30E3 /* DataExtension.swift */,
				BB0D4A7F2579352500F8DCA6 /* ArraySortExtension.swift */,
			);
			path = extensions;
			sourceTree = "<group>";
		};
		8D37FA2F2337C5340075CFC9 /* services */ = {
			isa = PBXGroup;
			children = (
				8D37FA302337C5340075CFC9 /* Network.swift */,
				8D37FA312337C5340075CFC9 /* Cache.swift */,
				8D37FA322337C5340075CFC9 /* Scheduler.swift */,
				8DAD81DF234F6E35003A6025 /* Sound.swift */,
				8DC91D7C23635CA800FFCF79 /* Container.swift */,
			);
			path = services;
			sourceTree = "<group>";
		};
		BBAFBFE223EC2317000F8C68 /* controllers */ = {
			isa = PBXGroup;
			children = (
				BBAFBFE323EC2343000F8C68 /* PageViewController.swift */,
			);
			path = controllers;
			sourceTree = "<group>";
		};
		BBC4E0B225714C0F0081F825 /* propertyWrappers */ = {
			isa = PBXGroup;
			children = (
				BBC4E0B525714C230081F825 /* CodablePropertyWrappers.swift */,
			);
			path = propertyWrappers;
			sourceTree = "<group>";
		};
/* End PBXGroup section */

/* Begin PBXNativeTarget section */
		8D37F9F42337BDAC0075CFC9 /* foundation */ = {
			isa = PBXNativeTarget;
			buildConfigurationList = 8D37FA142337BDAF0075CFC9 /* Build configuration list for PBXNativeTarget "foundation" */;
			buildPhases = (
				8D37F9F12337BDAC0075CFC9 /* Sources */,
				8D37F9F22337BDAC0075CFC9 /* Frameworks */,
				8D37F9F32337BDAC0075CFC9 /* Resources */,
			);
			buildRules = (
			);
			dependencies = (
			);
			name = foundation;
			productName = foundation;
			productReference = 8D37F9F52337BDAC0075CFC9 /* RevoFoundation.app */;
			productType = "com.apple.product-type.application";
		};
		8D37FA0A2337BDAF0075CFC9 /* foundationTests */ = {
			isa = PBXNativeTarget;
			buildConfigurationList = 8D37FA172337BDAF0075CFC9 /* Build configuration list for PBXNativeTarget "foundationTests" */;
			buildPhases = (
				8D37FA072337BDAF0075CFC9 /* Sources */,
				8D37FA082337BDAF0075CFC9 /* Frameworks */,
				8D37FA092337BDAF0075CFC9 /* Resources */,
			);
			buildRules = (
			);
			dependencies = (
				8D37FA0D2337BDAF0075CFC9 /* PBXTargetDependency */,
			);
			name = foundationTests;
			productName = foundationTests;
			productReference = 8D37FA0B2337BDAF0075CFC9 /* foundationTests.xctest */;
			productType = "com.apple.product-type.bundle.unit-test";
		};
/* End PBXNativeTarget section */

/* Begin PBXProject section */
		8D37F9ED2337BDAC0075CFC9 /* Project object */ = {
			isa = PBXProject;
			attributes = {
				LastSwiftUpdateCheck = 1100;
				LastUpgradeCheck = 1220;
				ORGANIZATIONNAME = "Revo Systems";
				TargetAttributes = {
					8D37F9F42337BDAC0075CFC9 = {
						CreatedOnToolsVersion = 11.0;
					};
					8D37FA0A2337BDAF0075CFC9 = {
						CreatedOnToolsVersion = 11.0;
						TestTargetID = 8D37F9F42337BDAC0075CFC9;
					};
				};
			};
			buildConfigurationList = 8D37F9F02337BDAC0075CFC9 /* Build configuration list for PBXProject "foundation" */;
			compatibilityVersion = "Xcode 9.3";
			developmentRegion = en;
			hasScannedForEncodings = 0;
			knownRegions = (
				en,
				Base,
			);
			mainGroup = 8D37F9EC2337BDAC0075CFC9;
			productRefGroup = 8D37F9F62337BDAC0075CFC9 /* Products */;
			projectDirPath = "";
			projectRoot = "";
			targets = (
				8D37F9F42337BDAC0075CFC9 /* foundation */,
				8D37FA0A2337BDAF0075CFC9 /* foundationTests */,
			);
		};
/* End PBXProject section */

/* Begin PBXResourcesBuildPhase section */
		8D37F9F32337BDAC0075CFC9 /* Resources */ = {
			isa = PBXResourcesBuildPhase;
			buildActionMask = 2147483647;
			files = (
				8D37FA052337BDAF0075CFC9 /* LaunchScreen.storyboard in Resources */,
				8D37FA022337BDAF0075CFC9 /* Assets.xcassets in Resources */,
				8D37FA002337BDAC0075CFC9 /* Main.storyboard in Resources */,
			);
			runOnlyForDeploymentPostprocessing = 0;
		};
		8D37FA092337BDAF0075CFC9 /* Resources */ = {
			isa = PBXResourcesBuildPhase;
			buildActionMask = 2147483647;
			files = (
			);
			runOnlyForDeploymentPostprocessing = 0;
		};
/* End PBXResourcesBuildPhase section */

/* Begin PBXSourcesBuildPhase section */
		8D37F9F12337BDAC0075CFC9 /* Sources */ = {
			isa = PBXSourcesBuildPhase;
			buildActionMask = 2147483647;
			files = (
				8DAD81DE234F6DB2003A6025 /* GeneralHelpers.swift in Sources */,
				8D37F9FD2337BDAC0075CFC9 /* ViewController.swift in Sources */,
				BBAFBFF423F41D07000F8C68 /* DateTimeExtension.swift in Sources */,
				8D37FA3E2337C5340075CFC9 /* Cache.swift in Sources */,
				7699DD0C235077180054A008 /* UITableViewCellExtension.swift in Sources */,
				8D37F9F92337BDAC0075CFC9 /* AppDelegate.swift in Sources */,
				8D37FA332337C5340075CFC9 /* StringDateExtension.swift in Sources */,
				BB13AE1525515BCE000D30E3 /* DataExtension.swift in Sources */,
				8DAD81E0234F6E35003A6025 /* Sound.swift in Sources */,
				8D37FA372337C5340075CFC9 /* ColorExtension.swift in Sources */,
				8D37FA3A2337C5340075CFC9 /* CodableExtension.swift in Sources */,
				8D37FA3C2337C5340075CFC9 /* DateExtension.swift in Sources */,
				8D37FA342337C5340075CFC9 /* StringCollection.swift in Sources */,
				8D37FA3F2337C5340075CFC9 /* Scheduler.swift in Sources */,
				8DCA90262385892000CF8984 /* DoubleExtension.swift in Sources */,
				BB0D4A802579352500F8DCA6 /* ArraySortExtension.swift in Sources */,
				BBAFBFE423EC2343000F8C68 /* PageViewController.swift in Sources */,
				8D37FA362337C5340075CFC9 /* UIViewExtension.swift in Sources */,
				8D37F9FB2337BDAC0075CFC9 /* SceneDelegate.swift in Sources */,
				8D37FA392337C5340075CFC9 /* UIActivityIndicatorExtension.swift in Sources */,
				BBC4E0B625714C230081F825 /* CodablePropertyWrappers.swift in Sources */,
				8D37FA352337C5340075CFC9 /* ArrayCollection.swift in Sources */,
				8D37FA3D2337C5340075CFC9 /* Network.swift in Sources */,
				BB6E64A02502575E00DFE518 /* CharacterSetExtension.swift in Sources */,
				8DC91D7D23635CA800FFCF79 /* Container.swift in Sources */,
				8D3C289D2451E9A60003F235 /* StringSubscripts.swift in Sources */,
				8D58B8772350DF9D00FAA673 /* DictionaryCollection.swift in Sources */,
				BB7EFD342412687600439821 /* StringCryptoExtension.swif.swift in Sources */,
				8D37FA3B2337C5340075CFC9 /* UIImageExtension.swift in Sources */,
			);
			runOnlyForDeploymentPostprocessing = 0;
		};
		8D37FA072337BDAF0075CFC9 /* Sources */ = {
			isa = PBXSourcesBuildPhase;
			buildActionMask = 2147483647;
			files = (
				BBAFBFF623F41F98000F8C68 /* DateIntervalTest.swift in Sources */,
				7699DD1223564F410054A008 /* StringCollectionTest.swift in Sources */,
				8D37FA102337BDAF0075CFC9 /* foundationTests.swift in Sources */,
				BBC4E0BC25714C4A0081F825 /* PropertyWrappersTest.swift in Sources */,
				7699DD0E23510B330054A008 /* DateExtensionTest.swift in Sources */,
				BB4E9E69259B468100C847C3 /* DictionaryTest.swift in Sources */,
				8D37FA1D2337BF590075CFC9 /* ArrayCollectionTest.swift in Sources */,
				8DC91D7F23635CB900FFCF79 /* ContainerTest.swift in Sources */,
			);
			runOnlyForDeploymentPostprocessing = 0;
		};
/* End PBXSourcesBuildPhase section */

/* Begin PBXTargetDependency section */
		8D37FA0D2337BDAF0075CFC9 /* PBXTargetDependency */ = {
			isa = PBXTargetDependency;
			target = 8D37F9F42337BDAC0075CFC9 /* foundation */;
			targetProxy = 8D37FA0C2337BDAF0075CFC9 /* PBXContainerItemProxy */;
		};
/* End PBXTargetDependency section */

/* Begin PBXVariantGroup section */
		8D37F9FE2337BDAC0075CFC9 /* Main.storyboard */ = {
			isa = PBXVariantGroup;
			children = (
				8D37F9FF2337BDAC0075CFC9 /* Base */,
			);
			name = Main.storyboard;
			sourceTree = "<group>";
		};
		8D37FA032337BDAF0075CFC9 /* LaunchScreen.storyboard */ = {
			isa = PBXVariantGroup;
			children = (
				8D37FA042337BDAF0075CFC9 /* Base */,
			);
			name = LaunchScreen.storyboard;
			sourceTree = "<group>";
		};
/* End PBXVariantGroup section */

/* Begin XCBuildConfiguration section */
		8D37FA122337BDAF0075CFC9 /* Debug */ = {
			isa = XCBuildConfiguration;
			buildSettings = {
				ALWAYS_SEARCH_USER_PATHS = NO;
				CLANG_ANALYZER_NONNULL = YES;
				CLANG_ANALYZER_NUMBER_OBJECT_CONVERSION = YES_AGGRESSIVE;
				CLANG_CXX_LANGUAGE_STANDARD = "gnu++14";
				CLANG_CXX_LIBRARY = "libc++";
				CLANG_ENABLE_MODULES = YES;
				CLANG_ENABLE_OBJC_ARC = YES;
				CLANG_ENABLE_OBJC_WEAK = YES;
				CLANG_WARN_BLOCK_CAPTURE_AUTORELEASING = YES;
				CLANG_WARN_BOOL_CONVERSION = YES;
				CLANG_WARN_COMMA = YES;
				CLANG_WARN_CONSTANT_CONVERSION = YES;
				CLANG_WARN_DEPRECATED_OBJC_IMPLEMENTATIONS = YES;
				CLANG_WARN_DIRECT_OBJC_ISA_USAGE = YES_ERROR;
				CLANG_WARN_DOCUMENTATION_COMMENTS = YES;
				CLANG_WARN_EMPTY_BODY = YES;
				CLANG_WARN_ENUM_CONVERSION = YES;
				CLANG_WARN_INFINITE_RECURSION = YES;
				CLANG_WARN_INT_CONVERSION = YES;
				CLANG_WARN_NON_LITERAL_NULL_CONVERSION = YES;
				CLANG_WARN_OBJC_IMPLICIT_RETAIN_SELF = YES;
				CLANG_WARN_OBJC_LITERAL_CONVERSION = YES;
				CLANG_WARN_OBJC_ROOT_CLASS = YES_ERROR;
				CLANG_WARN_QUOTED_INCLUDE_IN_FRAMEWORK_HEADER = YES;
				CLANG_WARN_RANGE_LOOP_ANALYSIS = YES;
				CLANG_WARN_STRICT_PROTOTYPES = YES;
				CLANG_WARN_SUSPICIOUS_MOVE = YES;
				CLANG_WARN_UNGUARDED_AVAILABILITY = YES_AGGRESSIVE;
				CLANG_WARN_UNREACHABLE_CODE = YES;
				CLANG_WARN__DUPLICATE_METHOD_MATCH = YES;
				COPY_PHASE_STRIP = NO;
				DEBUG_INFORMATION_FORMAT = dwarf;
				ENABLE_STRICT_OBJC_MSGSEND = YES;
				ENABLE_TESTABILITY = YES;
				GCC_C_LANGUAGE_STANDARD = gnu11;
				GCC_DYNAMIC_NO_PIC = NO;
				GCC_NO_COMMON_BLOCKS = YES;
				GCC_OPTIMIZATION_LEVEL = 0;
				GCC_PREPROCESSOR_DEFINITIONS = (
					"DEBUG=1",
					"$(inherited)",
				);
				GCC_WARN_64_TO_32_BIT_CONVERSION = YES;
				GCC_WARN_ABOUT_RETURN_TYPE = YES_ERROR;
				GCC_WARN_UNDECLARED_SELECTOR = YES;
				GCC_WARN_UNINITIALIZED_AUTOS = YES_AGGRESSIVE;
				GCC_WARN_UNUSED_FUNCTION = YES;
				GCC_WARN_UNUSED_VARIABLE = YES;
				IPHONEOS_DEPLOYMENT_TARGET = 13.0;
				MTL_ENABLE_DEBUG_INFO = INCLUDE_SOURCE;
				MTL_FAST_MATH = YES;
				ONLY_ACTIVE_ARCH = YES;
				SDKROOT = iphoneos;
				SWIFT_ACTIVE_COMPILATION_CONDITIONS = DEBUG;
				SWIFT_OPTIMIZATION_LEVEL = "-Onone";
			};
			name = Debug;
		};
		8D37FA132337BDAF0075CFC9 /* Release */ = {
			isa = XCBuildConfiguration;
			buildSettings = {
				ALWAYS_SEARCH_USER_PATHS = NO;
				CLANG_ANALYZER_NONNULL = YES;
				CLANG_ANALYZER_NUMBER_OBJECT_CONVERSION = YES_AGGRESSIVE;
				CLANG_CXX_LANGUAGE_STANDARD = "gnu++14";
				CLANG_CXX_LIBRARY = "libc++";
				CLANG_ENABLE_MODULES = YES;
				CLANG_ENABLE_OBJC_ARC = YES;
				CLANG_ENABLE_OBJC_WEAK = YES;
				CLANG_WARN_BLOCK_CAPTURE_AUTORELEASING = YES;
				CLANG_WARN_BOOL_CONVERSION = YES;
				CLANG_WARN_COMMA = YES;
				CLANG_WARN_CONSTANT_CONVERSION = YES;
				CLANG_WARN_DEPRECATED_OBJC_IMPLEMENTATIONS = YES;
				CLANG_WARN_DIRECT_OBJC_ISA_USAGE = YES_ERROR;
				CLANG_WARN_DOCUMENTATION_COMMENTS = YES;
				CLANG_WARN_EMPTY_BODY = YES;
				CLANG_WARN_ENUM_CONVERSION = YES;
				CLANG_WARN_INFINITE_RECURSION = YES;
				CLANG_WARN_INT_CONVERSION = YES;
				CLANG_WARN_NON_LITERAL_NULL_CONVERSION = YES;
				CLANG_WARN_OBJC_IMPLICIT_RETAIN_SELF = YES;
				CLANG_WARN_OBJC_LITERAL_CONVERSION = YES;
				CLANG_WARN_OBJC_ROOT_CLASS = YES_ERROR;
				CLANG_WARN_QUOTED_INCLUDE_IN_FRAMEWORK_HEADER = YES;
				CLANG_WARN_RANGE_LOOP_ANALYSIS = YES;
				CLANG_WARN_STRICT_PROTOTYPES = YES;
				CLANG_WARN_SUSPICIOUS_MOVE = YES;
				CLANG_WARN_UNGUARDED_AVAILABILITY = YES_AGGRESSIVE;
				CLANG_WARN_UNREACHABLE_CODE = YES;
				CLANG_WARN__DUPLICATE_METHOD_MATCH = YES;
				COPY_PHASE_STRIP = NO;
				DEBUG_INFORMATION_FORMAT = "dwarf-with-dsym";
				ENABLE_NS_ASSERTIONS = NO;
				ENABLE_STRICT_OBJC_MSGSEND = YES;
				GCC_C_LANGUAGE_STANDARD = gnu11;
				GCC_NO_COMMON_BLOCKS = YES;
				GCC_WARN_64_TO_32_BIT_CONVERSION = YES;
				GCC_WARN_ABOUT_RETURN_TYPE = YES_ERROR;
				GCC_WARN_UNDECLARED_SELECTOR = YES;
				GCC_WARN_UNINITIALIZED_AUTOS = YES_AGGRESSIVE;
				GCC_WARN_UNUSED_FUNCTION = YES;
				GCC_WARN_UNUSED_VARIABLE = YES;
				IPHONEOS_DEPLOYMENT_TARGET = 13.0;
				MTL_ENABLE_DEBUG_INFO = NO;
				MTL_FAST_MATH = YES;
				SDKROOT = iphoneos;
				SWIFT_COMPILATION_MODE = wholemodule;
				SWIFT_OPTIMIZATION_LEVEL = "-O";
				VALIDATE_PRODUCT = YES;
			};
			name = Release;
		};
		8D37FA152337BDAF0075CFC9 /* Debug */ = {
			isa = XCBuildConfiguration;
			buildSettings = {
				ASSETCATALOG_COMPILER_APPICON_NAME = AppIcon;
				CODE_SIGN_STYLE = Automatic;
				DEVELOPMENT_TEAM = F2VSE3YKKD;
				INFOPLIST_FILE = foundation/Info.plist;
				LD_RUNPATH_SEARCH_PATHS = (
					"$(inherited)",
					"@executable_path/Frameworks",
				);
				PRODUCT_BUNDLE_IDENTIFIER = works.revo.foundation;
				PRODUCT_NAME = RevoFoundation;
				SWIFT_VERSION = 5.0;
				TARGETED_DEVICE_FAMILY = "1,2";
			};
			name = Debug;
		};
		8D37FA162337BDAF0075CFC9 /* Release */ = {
			isa = XCBuildConfiguration;
			buildSettings = {
				ASSETCATALOG_COMPILER_APPICON_NAME = AppIcon;
				CODE_SIGN_STYLE = Automatic;
				DEVELOPMENT_TEAM = F2VSE3YKKD;
				INFOPLIST_FILE = foundation/Info.plist;
				LD_RUNPATH_SEARCH_PATHS = (
					"$(inherited)",
					"@executable_path/Frameworks",
				);
				PRODUCT_BUNDLE_IDENTIFIER = works.revo.foundation;
				PRODUCT_NAME = RevoFoundation;
				SWIFT_VERSION = 5.0;
				TARGETED_DEVICE_FAMILY = "1,2";
			};
			name = Release;
		};
		8D37FA182337BDAF0075CFC9 /* Debug */ = {
			isa = XCBuildConfiguration;
			buildSettings = {
				ALWAYS_EMBED_SWIFT_STANDARD_LIBRARIES = YES;
				BUNDLE_LOADER = "$(TEST_HOST)";
				CODE_SIGN_STYLE = Automatic;
				DEVELOPMENT_TEAM = F2VSE3YKKD;
				INFOPLIST_FILE = foundationTests/Info.plist;
				IPHONEOS_DEPLOYMENT_TARGET = 13.0;
				LD_RUNPATH_SEARCH_PATHS = (
					"$(inherited)",
					"@executable_path/Frameworks",
					"@loader_path/Frameworks",
				);
				PRODUCT_BUNDLE_IDENTIFIER = works.revo.foundationTests;
				PRODUCT_NAME = "$(TARGET_NAME)";
				SWIFT_VERSION = 5.0;
				TARGETED_DEVICE_FAMILY = "1,2";
				TEST_HOST = "$(BUILT_PRODUCTS_DIR)/RevoFoundation.app/RevoFoundation";
			};
			name = Debug;
		};
		8D37FA192337BDAF0075CFC9 /* Release */ = {
			isa = XCBuildConfiguration;
			buildSettings = {
				ALWAYS_EMBED_SWIFT_STANDARD_LIBRARIES = YES;
				BUNDLE_LOADER = "$(TEST_HOST)";
				CODE_SIGN_STYLE = Automatic;
				DEVELOPMENT_TEAM = F2VSE3YKKD;
				INFOPLIST_FILE = foundationTests/Info.plist;
				IPHONEOS_DEPLOYMENT_TARGET = 13.0;
				LD_RUNPATH_SEARCH_PATHS = (
					"$(inherited)",
					"@executable_path/Frameworks",
					"@loader_path/Frameworks",
				);
				PRODUCT_BUNDLE_IDENTIFIER = works.revo.foundationTests;
				PRODUCT_NAME = "$(TARGET_NAME)";
				SWIFT_VERSION = 5.0;
				TARGETED_DEVICE_FAMILY = "1,2";
				TEST_HOST = "$(BUILT_PRODUCTS_DIR)/RevoFoundation.app/RevoFoundation";
			};
			name = Release;
		};
/* End XCBuildConfiguration section */

/* Begin XCConfigurationList section */
		8D37F9F02337BDAC0075CFC9 /* Build configuration list for PBXProject "foundation" */ = {
			isa = XCConfigurationList;
			buildConfigurations = (
				8D37FA122337BDAF0075CFC9 /* Debug */,
				8D37FA132337BDAF0075CFC9 /* Release */,
			);
			defaultConfigurationIsVisible = 0;
			defaultConfigurationName = Release;
		};
		8D37FA142337BDAF0075CFC9 /* Build configuration list for PBXNativeTarget "foundation" */ = {
			isa = XCConfigurationList;
			buildConfigurations = (
				8D37FA152337BDAF0075CFC9 /* Debug */,
				8D37FA162337BDAF0075CFC9 /* Release */,
			);
			defaultConfigurationIsVisible = 0;
			defaultConfigurationName = Release;
		};
		8D37FA172337BDAF0075CFC9 /* Build configuration list for PBXNativeTarget "foundationTests" */ = {
			isa = XCConfigurationList;
			buildConfigurations = (
				8D37FA182337BDAF0075CFC9 /* Debug */,
				8D37FA192337BDAF0075CFC9 /* Release */,
			);
			defaultConfigurationIsVisible = 0;
			defaultConfigurationName = Release;
		};
/* End XCConfigurationList section */
	};
	rootObject = 8D37F9ED2337BDAC0075CFC9 /* Project object */;
}
